{
  "name": "@ovh-ux/manager-cloud-connect-app",
  "version": "0.0.0",
  "lockfileVersion": 1,
  "requires": true,
  "dependencies": {
    "@ovh-ux/ng-ovh-cloud-universe-components": {
      "version": "1.5.0",
      "resolved": "https://registry.npmjs.org/@ovh-ux/ng-ovh-cloud-universe-components/-/ng-ovh-cloud-universe-components-1.5.0.tgz",
      "integrity": "sha512-khDfsF3U9hlKjNqBzM/Am/rqGSUMhFGipfX2oppdp5a+SZXVCaPKpYboLbsoG+xr7DB6O8N1SJSG3lcdX76ZZw==",
      "requires": {
        "bootstrap": "~3.3.0",
        "jsurl": "^0.1.5",
        "lodash": "^4.17.15",
        "moment": "^2.24.0",
        "ovh-ui-kit": "^2.35.2"
      },
      "dependencies": {
        "ovh-ui-kit": {
          "version": "2.42.8",
          "resolved": "https://registry.npmjs.org/ovh-ui-kit/-/ovh-ui-kit-2.42.8.tgz",
          "integrity": "sha512-bNkJsSP5f6zRd7jPiLI8gCIwH3y3B2mm99Q02W9LTaZT9D0LYTXOr0ht/HZiHrCLGxfhkG/JlFpV6f71lfXwTw==",
          "requires": {
            "less-plugin-remcalc": "^0.1.0"
          }
        }
      }
    },
    "bootstrap": {
      "version": "3.3.7",
      "resolved": "https://registry.npmjs.org/bootstrap/-/bootstrap-3.3.7.tgz",
      "integrity": "sha1-WjiTlFSfIzMIdaOxUGVldPip63E="
    },
    "jsurl": {
      "version": "0.1.5",
      "resolved": "https://registry.npmjs.org/jsurl/-/jsurl-0.1.5.tgz",
      "integrity": "sha1-KlyHQd45ysr8EvRIkIvzTpYNzug="
    },
    "less-plugin-remcalc": {
      "version": "0.1.0",
      "resolved": "https://registry.npmjs.org/less-plugin-remcalc/-/less-plugin-remcalc-0.1.0.tgz",
      "integrity": "sha512-Nws5vHVO5QwXlIURF9ncZwTZtw91CH57F1yMm98c52RwWRaqZdmntcyxG+LuBLqM2Qfh2GWt0v0BrVrkzj2Cqg=="
    },
    "lodash": {
      "version": "4.17.19",
      "resolved": "https://registry.npmjs.org/lodash/-/lodash-4.17.19.tgz",
      "integrity": "sha512-JNvd8XER9GQX0v2qJgsaN/mzFCNA5BRe/j8JN9d+tWyGLSodKQHKFicdwNYzWwI3wjRnaKPsGj1XkBjx/F96DQ=="
    },
    "moment": {
      "version": "2.27.0",
      "resolved": "https://registry.npmjs.org/moment/-/moment-2.27.0.tgz",
      "integrity": "sha512-al0MUK7cpIcglMv3YF13qSgdAIqxHTO7brRtaz3DlSULbqfazqkc5kEjNrLDOM7fsjshoFIihnU8snrP7zUvhQ=="
    }
  }
}
