{
  "name": "ovh-angular-browser-alert",
  "version": "1.0.0",
  "lockfileVersion": 1,
  "requires": true,
  "dependencies": {
    "angular": {
      "version": "1.6.5",
      "resolved": "https://registry.npmjs.org/angular/-/angular-1.6.5.tgz",
      "integrity": "sha1-N/eI7r7Fzi4/oCsXu8sqIxV2oNY=",
      "dev": true
    },
    "angular-mocks": {
      "version": "1.6.5",
      "resolved": "https://registry.npmjs.org/angular-mocks/-/angular-mocks-1.6.5.tgz",
      "integrity": "sha1-xi+AFMxtPtP9Gzg6Y0ygAJrz7+4=",
      "dev": true
    },
    "angular-translate": {
      "version": "2.15.2",
      "resolved": "https://registry.npmjs.org/angular-translate/-/angular-translate-2.15.2.tgz",
      "integrity": "sha1-+aPCuNXa6312yeLAH/PD1X/hK5A=",
      "dev": true
    },
    "autoprefixer-core": {
      "version": "5.2.1",
      "resolved": "https://registry.npmjs.org/autoprefixer-core/-/autoprefixer-core-5.2.1.tgz",
      "integrity": "sha1-5kDEFK5Bmq4hwa1DyOoPPbgqVm0=",
      "dev": true
    },
    "babel-cli": {
      "version": "6.24.1",
      "resolved": "https://registry.npmjs.org/babel-cli/-/babel-cli-6.24.1.tgz",
      "integrity": "sha1-IHzXBbumFImy6kG1MSNBz2rKIoM=",
      "dev": true,
      "dependencies": {
        "source-map": {
          "version": "0.5.6",
          "resolved": "https://registry.npmjs.org/source-map/-/source-map-0.5.6.tgz",
          "integrity": "sha1-dc449SvwczxafwwRjYEzSiu19BI="
        }
      }
    },
    "babel-eslint": {
      "version": "7.2.3",
      "resolved": "https://registry.npmjs.org/babel-eslint/-/babel-eslint-7.2.3.tgz",
      "integrity": "sha1-sv4tgBJkcPXBlELcdXJTqJdxCCc=",
      "dev": true
    },
    "babel-plugin-transform-html-import-to-string": {
      "version": "0.0.1",
      "resolved": "https://registry.npmjs.org/babel-plugin-transform-html-import-to-string/-/babel-plugin-transform-html-import-to-string-0.0.1.tgz",
      "integrity": "sha1-lJFSUV2q12TPVcUasXh9IG3s+J0=",
      "dev": true
    },
    "babel-preset-es2015": {
      "version": "6.24.1",
      "resolved": "https://registry.npmjs.org/babel-preset-es2015/-/babel-preset-es2015-6.24.1.tgz",
      "integrity": "sha1-1EBQ1rwsn+6nAqrzjXJ6AhBTiTk=",
      "dev": true
    },
    "babelify": {
      "version": "7.3.0",
      "resolved": "https://registry.npmjs.org/babelify/-/babelify-7.3.0.tgz",
      "integrity": "sha1-qlau3nBn/XvVSWZu4W3ChQh+iOU=",
      "dev": true
    },
    "bowser": {
      "version": "1.9.4",
      "resolved": "https://registry.npmjs.org/bowser/-/bowser-1.9.4.tgz",
      "integrity": "sha512-9IdMmj2KjigRq6oWhmwv1W36pDuA4STQZ8q6YO9um+x07xgYNCD3Oou+WP/3L1HNz7iqythGet3/p4wvc8AAwQ==",
      "dev": true
    },
    "eslint-config-ovh": {
      "version": "0.1.1",
      "resolved": "https://registry.npmjs.org/eslint-config-ovh/-/eslint-config-ovh-0.1.1.tgz",
      "integrity": "sha1-HuueY/kU7P2MuzxsUuIo+N0x7jk=",
      "dev": true
    },
    "eslint-config-standard": {
      "version": "10.2.1",
      "resolved": "https://registry.npmjs.org/eslint-config-standard/-/eslint-config-standard-10.2.1.tgz",
      "integrity": "sha1-wGHk0GbzedwXzVYsZOgZtN1FRZE=",
      "dev": true
    },
    "eslint-plugin-import": {
      "version": "2.6.1",
      "resolved": "https://registry.npmjs.org/eslint-plugin-import/-/eslint-plugin-import-2.6.1.tgz",
      "integrity": "sha512-aAMb32eHCQaQmgdb1MOG1hfu/rPiNgGur2IF71VJeDfTXdLpPiKALKWlzxMdcxQOZZ2CmYVKabAxCvjACxH1uQ==",
      "dev": true
    },
    "eslint-plugin-node": {
      "version": "4.2.2",
      "resolved": "https://registry.npmjs.org/eslint-plugin-node/-/eslint-plugin-node-4.2.2.tgz",
      "integrity": "sha1-gpWcqa7Xn8vSi7GxiNBcrAT7M2M=",
      "dev": true
    },
    "eslint-plugin-promise": {
      "version": "3.5.0",
      "resolved": "https://registry.npmjs.org/eslint-plugin-promise/-/eslint-plugin-promise-3.5.0.tgz",
      "integrity": "sha1-ePu2/+BHIBYnVp6FpsU3OvKmj8o=",
      "dev": true
    },
    "eslint-plugin-standard": {
      "version": "3.0.1",
      "resolved": "https://registry.npmjs.org/eslint-plugin-standard/-/eslint-plugin-standard-3.0.1.tgz",
      "integrity": "sha1-NNDJFbRe3G8BA5PH7vOCOwhWXPI=",
      "dev": true
    },
    "grunt": {
      "version": "1.0.1",
      "resolved": "https://registry.npmjs.org/grunt/-/grunt-1.0.1.tgz",
      "integrity": "sha1-6HeHZOlEsY8yuw8QuQeEdcnftWs=",
      "dev": true,
      "dependencies": {
        "glob": {
          "version": "7.0.6",
          "resolved": "https://registry.npmjs.org/glob/-/glob-7.0.6.tgz",
          "integrity": "sha1-IRuvr0nlJbjNkyYNFKsTYVKz9Xo="
        },
        "grunt-cli": {
          "version": "1.2.0",
          "resolved": "https://registry.npmjs.org/grunt-cli/-/grunt-cli-1.2.0.tgz",
          "integrity": "sha1-VisRnrsGndtGSs4oRVAb6Xs1tqg="
        },
        "resolve": {
          "version": "1.1.7",
          "resolved": "https://registry.npmjs.org/resolve/-/resolve-1.1.7.tgz",
          "integrity": "sha1-IDEU2CrSxe2ejgQRs5ModeiJ6Xs="
        }
      }
    },
    "grunt-angular-templates": {
      "version": "1.1.0",
      "resolved": "https://registry.npmjs.org/grunt-angular-templates/-/grunt-angular-templates-1.1.0.tgz",
      "integrity": "sha1-EJYDorlf8BAZtxjHA0EmjwnYvhk=",
      "dev": true
    },
    "grunt-browserify": {
      "version": "5.0.0",
      "resolved": "https://registry.npmjs.org/grunt-browserify/-/grunt-browserify-5.0.0.tgz",
      "integrity": "sha1-HTM8qYvaxEV29kbg1mgAh8v4xhU=",
      "dev": true,
      "dependencies": {
        "glob": {
          "version": "6.0.4",
          "resolved": "https://registry.npmjs.org/glob/-/glob-6.0.4.tgz",
          "integrity": "sha1-DwiGD2oVUSey+t1PnOJLGqtuTSI="
        },
        "lodash": {
          "version": "3.10.1",
          "resolved": "https://registry.npmjs.org/lodash/-/lodash-3.10.1.tgz",
          "integrity": "sha1-W/Rejkm6QYnhfUgnid/RW9FAt7Y="
        }
      }
    },
    "grunt-bump": {
      "version": "0.8.0",
      "resolved": "https://registry.npmjs.org/grunt-bump/-/grunt-bump-0.8.0.tgz",
      "integrity": "sha1-0//gzzzws44JYHt4U49CpTHq/lU=",
      "dev": true
    },
    "grunt-complexity": {
      "version": "1.1.0",
      "resolved": "https://registry.npmjs.org/grunt-complexity/-/grunt-complexity-1.1.0.tgz",
      "integrity": "sha1-BmciEzyay++kkipHl3M2xrI7DfY=",
      "dev": true
    },
    "grunt-contrib-clean": {
      "version": "1.1.0",
      "resolved": "https://registry.npmjs.org/grunt-contrib-clean/-/grunt-contrib-clean-1.1.0.tgz",
      "integrity": "sha1-Vkq/LQN4qYOhW54/MO51tzjEBjg=",
      "dev": true,
      "dependencies": {
        "rimraf": {
          "version": "2.6.1",
          "resolved": "https://registry.npmjs.org/rimraf/-/rimraf-2.6.1.tgz",
          "integrity": "sha1-wjOOxkPfeht/5cVPqG9XQopV8z0="
        }
      }
    },
    "grunt-contrib-concat": {
      "version": "1.0.1",
      "resolved": "https://registry.npmjs.org/grunt-contrib-concat/-/grunt-contrib-concat-1.0.1.tgz",
      "integrity": "sha1-YVCYYwhOhx1+ht5IwBUlntl3Rb0=",
      "dev": true,
      "dependencies": {
        "source-map": {
          "version": "0.5.6",
          "resolved": "https://registry.npmjs.org/source-map/-/source-map-0.5.6.tgz",
          "integrity": "sha1-dc449SvwczxafwwRjYEzSiu19BI="
        }
      }
    },
    "grunt-contrib-connect": {
      "version": "1.0.2",
      "resolved": "https://registry.npmjs.org/grunt-contrib-connect/-/grunt-contrib-connect-1.0.2.tgz",
      "integrity": "sha1-XPkzuRpnOGBEJzwLJERgPNmIebo=",
      "dev": true
    },
    "grunt-contrib-copy": {
      "version": "1.0.0",
      "resolved": "https://registry.npmjs.org/grunt-contrib-copy/-/grunt-contrib-copy-1.0.0.tgz",
      "integrity": "sha1-cGDGWB6QS4qw0A8HbgqPbj58NXM=",
      "dev": true
    },
    "grunt-contrib-csslint": {
      "version": "2.0.0",
      "resolved": "https://registry.npmjs.org/grunt-contrib-csslint/-/grunt-contrib-csslint-2.0.0.tgz",
      "integrity": "sha1-MSnZTf5Qc1fyMzfSSunpqkudV98=",
      "dev": true
    },
    "grunt-contrib-cssmin": {
      "version": "2.2.0",
      "resolved": "https://registry.npmjs.org/grunt-contrib-cssmin/-/grunt-contrib-cssmin-2.2.0.tgz",
      "integrity": "sha1-ct70BijujiE62adoBNEx22ZgSkE=",
      "dev": true,
      "dependencies": {
        "clean-css": {
          "version": "4.1.5",
          "resolved": "https://registry.npmjs.org/clean-css/-/clean-css-4.1.5.tgz",
          "integrity": "sha1-0JqHoCpTdRF1iXlq52oGPKzbVBo="
        },
        "source-map": {
          "version": "0.5.6",
          "resolved": "https://registry.npmjs.org/source-map/-/source-map-0.5.6.tgz",
          "integrity": "sha1-dc449SvwczxafwwRjYEzSiu19BI="
        }
      }
    },
    "grunt-contrib-less": {
      "version": "1.4.1",
      "resolved": "https://registry.npmjs.org/grunt-contrib-less/-/grunt-contrib-less-1.4.1.tgz",
      "integrity": "sha1-O73sC3XRLOqlXWKUNiXAsIYc328=",
      "dev": true,
      "dependencies": {
        "async": {
          "version": "2.5.0",
          "resolved": "https://registry.npmjs.org/async/-/async-2.5.0.tgz",
          "integrity": "sha512-e+lJAJeNWuPCNyxZKOBdaJGyLGHugXVQtrAwtuAe2vhxTYxFTKE73p8JuTmdH0qdQZtDvI4dhJwjZc5zsfIsYw=="
        }
      }
    },
    "grunt-contrib-uglify": {
      "version": "3.0.1",
      "resolved": "https://registry.npmjs.org/grunt-contrib-uglify/-/grunt-contrib-uglify-3.0.1.tgz",
      "integrity": "sha1-/etfk4pMgEL46Grkb2NVTo6VEcs=",
      "dev": true,
      "dependencies": {
        "commander": {
          "version": "2.9.0",
          "resolved": "https://registry.npmjs.org/commander/-/commander-2.9.0.tgz",
          "integrity": "sha1-nJkJQXbhIkDLItbFFGCYQA/g99Q="
        },
        "gzip-size": {
          "version": "1.0.0",
          "resolved": "https://registry.npmjs.org/gzip-size/-/gzip-size-1.0.0.tgz",
          "integrity": "sha1-Zs+LEBBHInuVus5uodoMF37Vwi8="
        },
        "maxmin": {
          "version": "1.1.0",
          "resolved": "https://registry.npmjs.org/maxmin/-/maxmin-1.1.0.tgz",
          "integrity": "sha1-cTZehKmd2Piz99X94vANHn9zvmE="
        },
        "pretty-bytes": {
          "version": "1.0.4",
          "resolved": "https://registry.npmjs.org/pretty-bytes/-/pretty-bytes-1.0.4.tgz",
          "integrity": "sha1-CiLoIQYJrTVUL4yNXSFZr/B1HIQ="
        },
        "source-map": {
          "version": "0.5.6",
          "resolved": "https://registry.npmjs.org/source-map/-/source-map-0.5.6.tgz",
          "integrity": "sha1-dc449SvwczxafwwRjYEzSiu19BI="
        },
        "uglify-js": {
          "version": "3.0.23",
          "resolved": "https://registry.npmjs.org/uglify-js/-/uglify-js-3.0.23.tgz",
          "integrity": "sha512-miLHbO2QcdQGxL/q1wLcUr6TGIRHhMnpKyywUbAdZRkJMqCeZCDmBsgYu1Wlj26xHBXN+sU5tHaWh38QsN208g=="
        }
      }
    },
    "grunt-contrib-watch": {
      "version": "1.0.0",
      "resolved": "https://registry.npmjs.org/grunt-contrib-watch/-/grunt-contrib-watch-1.0.0.tgz",
      "integrity": "sha1-hKGnodar0m7VaEE0lscxM+mQAY8=",
      "dev": true,
      "dependencies": {
        "lodash": {
          "version": "3.10.1",
          "resolved": "https://registry.npmjs.org/lodash/-/lodash-3.10.1.tgz",
          "integrity": "sha1-W/Rejkm6QYnhfUgnid/RW9FAt7Y="
        }
      }
    },
    "grunt-eslint": {
      "version": "19.0.0",
      "resolved": "https://registry.npmjs.org/grunt-eslint/-/grunt-eslint-19.0.0.tgz",
      "integrity": "sha1-u3TDeQYVmc7B9mFp3vKonYYthhs=",
      "dev": true
    },
    "grunt-jscs": {
      "version": "3.0.1",
      "resolved": "https://registry.npmjs.org/grunt-jscs/-/grunt-jscs-3.0.1.tgz",
      "integrity": "sha1-H65Q4+lV3546nZQlrsIqzK4AgJI=",
      "dev": true,
      "dependencies": {
        "lodash": {
          "version": "4.6.1",
          "resolved": "https://registry.npmjs.org/lodash/-/lodash-4.6.1.tgz",
          "integrity": "sha1-3wDBFkrSNrGDz8OIel6NOMxjy7w="
        }
      }
    },
    "grunt-karma": {
      "version": "2.0.0",
      "resolved": "https://registry.npmjs.org/grunt-karma/-/grunt-karma-2.0.0.tgz",
      "integrity": "sha1-dTWD0RXf3AVf5X5Y+W1rPH5hIRg=",
      "dev": true,
      "dependencies": {
        "lodash": {
          "version": "3.10.1",
          "resolved": "https://registry.npmjs.org/lodash/-/lodash-3.10.1.tgz",
          "integrity": "sha1-W/Rejkm6QYnhfUgnid/RW9FAt7Y="
        }
      }
    },
    "grunt-ng-annotate": {
      "version": "3.0.0",
      "resolved": "https://registry.npmjs.org/grunt-ng-annotate/-/grunt-ng-annotate-3.0.0.tgz",
      "integrity": "sha1-dqKiGha6Y+Vve+G3XuXErZMCeTk=",
      "dev": true
    },
    "grunt-ngdocs": {
      "version": "0.2.10",
      "resolved": "https://registry.npmjs.org/grunt-ngdocs/-/grunt-ngdocs-0.2.10.tgz",
      "integrity": "sha1-gtPIyOXKWJyeTqIlWORsBxpnpyo=",
      "dev": true,
      "dependencies": {
        "shelljs": {
          "version": "0.3.0",
          "resolved": "https://registry.npmjs.org/shelljs/-/shelljs-0.3.0.tgz",
          "integrity": "sha1-NZbmMHp4FUT1kfN9phg2DzHbV7E="
        }
      }
    },
    "grunt-postcss": {
      "version": "0.8.0",
      "resolved": "https://registry.npmjs.org/grunt-postcss/-/grunt-postcss-0.8.0.tgz",
      "integrity": "sha1-jzCor2B5A84MRfAfC+QsYOMc6w4=",
      "dev": true,
      "dependencies": {
        "postcss": {
          "version": "5.2.17",
          "resolved": "https://registry.npmjs.org/postcss/-/postcss-5.2.17.tgz",
          "integrity": "sha1-z09Ze4ZNZcikkrLqvp1wbIecOIs="
        },
        "source-map": {
          "version": "0.5.6",
          "resolved": "https://registry.npmjs.org/source-map/-/source-map-0.5.6.tgz",
          "integrity": "sha1-dc449SvwczxafwwRjYEzSiu19BI="
        },
        "supports-color": {
          "version": "3.2.3",
          "resolved": "https://registry.npmjs.org/supports-color/-/supports-color-3.2.3.tgz",
          "integrity": "sha1-ZawFBLOVQXHYpklGsq48u4pfVPY="
        }
      }
    },
    "grunt-wiredep": {
      "version": "3.0.1",
      "resolved": "https://registry.npmjs.org/grunt-wiredep/-/grunt-wiredep-3.0.1.tgz",
      "integrity": "sha1-d+dfpw6c+OxqRnnX15r0Q6MgL1U=",
      "dev": true
    },
    "jasmine-core": {
      "version": "2.6.4",
      "resolved": "https://registry.npmjs.org/jasmine-core/-/jasmine-core-2.6.4.tgz",
      "integrity": "sha1-3skmzQqfoof7bbXHVfpIfnTOysU=",
      "dev": true
    },
    "jasmine-spec-reporter": {
      "version": "4.1.1",
      "resolved": "https://registry.npmjs.org/jasmine-spec-reporter/-/jasmine-spec-reporter-4.1.1.tgz",
      "integrity": "sha1-Wm1Yq11hvqcwn7wnkjlRF1axtYg=",
      "dev": true
    },
    "jshint-stylish": {
      "version": "2.2.1",
      "resolved": "https://registry.npmjs.org/jshint-stylish/-/jshint-stylish-2.2.1.tgz",
      "integrity": "sha1-JCCCosA1rgP9gQROBXDMQgjPbmE=",
      "dev": true
    },
    "karma": {
      "version": "1.7.0",
      "resolved": "https://registry.npmjs.org/karma/-/karma-1.7.0.tgz",
      "integrity": "sha1-b3oaQGRG+i4YfslTmGmPTO5HYmk=",
      "dev": true,
      "dependencies": {
        "body-parser": {
          "version": "1.17.2",
          "resolved": "https://registry.npmjs.org/body-parser/-/body-parser-1.17.2.tgz",
          "integrity": "sha1-+IkqvI+eYn1Crtr7yma/WrmRBO4="
        },
        "bytes": {
          "version": "2.4.0",
          "resolved": "https://registry.npmjs.org/bytes/-/bytes-2.4.0.tgz",
          "integrity": "sha1-fZcZb51br39pNeJZhVSe3SpsIzk="
        },
        "debug": {
          "version": "2.6.7",
          "resolved": "https://registry.npmjs.org/debug/-/debug-2.6.7.tgz",
          "integrity": "sha1-krrR9tBbu2u6Isyoi80OyJTChh4="
        },
        "iconv-lite": {
          "version": "0.4.15",
          "resolved": "https://registry.npmjs.org/iconv-lite/-/iconv-lite-0.4.15.tgz",
          "integrity": "sha1-/iZaIYrGpXz+hUkn6dBMGYJe3es="
        },
        "lodash": {
          "version": "3.10.1",
          "resolved": "https://registry.npmjs.org/lodash/-/lodash-3.10.1.tgz",
          "integrity": "sha1-W/Rejkm6QYnhfUgnid/RW9FAt7Y="
        },
        "raw-body": {
          "version": "2.2.0",
          "resolved": "https://registry.npmjs.org/raw-body/-/raw-body-2.2.0.tgz",
          "integrity": "sha1-mUl2z2pQlqQRYoQEkvC9xdbn+5Y="
        },
        "rimraf": {
          "version": "2.6.1",
          "resolved": "https://registry.npmjs.org/rimraf/-/rimraf-2.6.1.tgz",
          "integrity": "sha1-wjOOxkPfeht/5cVPqG9XQopV8z0="
        },
        "source-map": {
          "version": "0.5.6",
          "resolved": "https://registry.npmjs.org/source-map/-/source-map-0.5.6.tgz",
          "integrity": "sha1-dc449SvwczxafwwRjYEzSiu19BI="
        }
      }
    },
    "karma-browserify": {
      "version": "5.1.1",
      "resolved": "https://registry.npmjs.org/karma-browserify/-/karma-browserify-5.1.1.tgz",
      "integrity": "sha1-9kLXDXdtmrO3NSbFcyq8/qJAAxk=",
      "dev": true,
      "dependencies": {
        "lodash": {
          "version": "3.10.1",
          "resolved": "https://registry.npmjs.org/lodash/-/lodash-3.10.1.tgz",
          "integrity": "sha1-W/Rejkm6QYnhfUgnid/RW9FAt7Y="
        }
      }
    },
    "karma-jasmine": {
      "version": "1.1.0",
      "resolved": "https://registry.npmjs.org/karma-jasmine/-/karma-jasmine-1.1.0.tgz",
      "integrity": "sha1-IuTAa/mhguUpTR9wXjczgRuBCs8=",
      "dev": true
    },
    "karma-ng-html2js-preprocessor": {
      "version": "1.0.0",
      "resolved": "https://registry.npmjs.org/karma-ng-html2js-preprocessor/-/karma-ng-html2js-preprocessor-1.0.0.tgz",
      "integrity": "sha1-ENjIz6pBNvHIp22RpMvO7evsSjE=",
      "dev": true
    },
    "karma-phantomjs-launcher": {
      "version": "1.0.4",
      "resolved": "https://registry.npmjs.org/karma-phantomjs-launcher/-/karma-phantomjs-launcher-1.0.4.tgz",
      "integrity": "sha1-0jyjSAG9qYY60xjju0vUBisTrNI=",
      "dev": true
    },
    "karma-spec-reporter": {
      "version": "0.0.31",
      "resolved": "https://registry.npmjs.org/karma-spec-reporter/-/karma-spec-reporter-0.0.31.tgz",
      "integrity": "sha1-SDDccUihVcfXoYbmMjOaDYD63sM=",
      "dev": true
    },
    "lodash": {
      "version": "4.17.4",
      "resolved": "https://registry.npmjs.org/lodash/-/lodash-4.17.4.tgz",
      "integrity": "sha1-eCA6TRwyiuHYbcpkYONptX9AVa4=",
      "dev": true
    },
    "matchdep": {
      "version": "1.0.1",
      "resolved": "https://registry.npmjs.org/matchdep/-/matchdep-1.0.1.tgz",
      "integrity": "sha1-pXozgESR+64girqPaDgEN6vC3KU=",
      "dev": true,
      "dependencies": {
        "resolve": {
          "version": "1.1.7",
          "resolved": "https://registry.npmjs.org/resolve/-/resolve-1.1.7.tgz",
          "integrity": "sha1-IDEU2CrSxe2ejgQRs5ModeiJ6Xs="
        },
        "stack-trace": {
          "version": "0.0.9",
          "resolved": "https://registry.npmjs.org/stack-trace/-/stack-trace-0.0.9.tgz",
          "integrity": "sha1-qPbq7KkGdMMz58Q5U/J1tFFRBpU="
        }
      }
    },
    "phantomjs-prebuilt": {
      "version": "2.1.14",
      "resolved": "https://registry.npmjs.org/phantomjs-prebuilt/-/phantomjs-prebuilt-2.1.14.tgz",
      "integrity": "sha1-1T0xH8+30dCN2yQBRVjxGIxRbaA=",
      "dev": true,
      "dependencies": {
        "caseless": {
          "version": "0.11.0",
          "resolved": "https://registry.npmjs.org/caseless/-/caseless-0.11.0.tgz",
          "integrity": "sha1-cVuW6phBWTzDMGeSP17GDr2k99c="
        },
        "es6-promise": {
          "version": "4.0.5",
          "resolved": "https://registry.npmjs.org/es6-promise/-/es6-promise-4.0.5.tgz",
          "integrity": "sha1-eILzCt3lskDM+n99eMVIMwlRrkI="
        },
        "fs-extra": {
          "version": "1.0.0",
          "resolved": "https://registry.npmjs.org/fs-extra/-/fs-extra-1.0.0.tgz",
          "integrity": "sha1-zTzl9+fLYUWIP8rjGR6Yd/hYeVA="
        },
        "har-validator": {
          "version": "2.0.6",
          "resolved": "https://registry.npmjs.org/har-validator/-/har-validator-2.0.6.tgz",
          "integrity": "sha1-zcvAgYgmWtEZtqWnyKtw7s+10n0="
        },
        "qs": {
          "version": "6.3.2",
          "resolved": "https://registry.npmjs.org/qs/-/qs-6.3.2.tgz",
          "integrity": "sha1-51vV9uJoEioqDgvaYwslUMFmUCw="
        },
        "request": {
          "version": "2.79.0",
          "resolved": "https://registry.npmjs.org/request/-/request-2.79.0.tgz",
          "integrity": "sha1-Tf5b9r6LjNw3/Pk+BLZVd3InEN4="
        },
        "tunnel-agent": {
          "version": "0.4.3",
          "resolved": "https://registry.npmjs.org/tunnel-agent/-/tunnel-agent-0.4.3.tgz",
          "integrity": "sha1-Y3PbdpCf5XDgjXNYM2Xtgop07us="
        }
      }
    }
  }
}
